
Microsoft Visual Studio Solution File, Format Version 12.00
# Visual Studio Version 17
VisualStudioVersion = 17.1.32210.238
MinimumVisualStudioVersion = 10.0.40219.1
Project("{FAE04EC0-301F-11D3-BF4B-00C04F79EFBC}") = "JsWebApp", "JsWebApp\JsWebApp.csproj", "{EFAE7327-B276-4E3C-A4DD-7D608AFFE0BE}"
EndProject
Global
	GlobalSection(SolutionConfigurationPlatforms) = preSolution
		Debug|Any CPU = Debug|Any CPU
		Release|Any CPU = Release|Any CPU
	EndGlobalSection
	GlobalSection(ProjectConfigurationPlatforms) = postSolution
		{EFAE7327-B276-4E3C-A4DD-7D608AFFE0BE}.Debug|Any CPU.ActiveCfg = Debug|Any CPU
		{EFAE7327-B276-4E3C-A4DD-7D608AFFE0BE}.Debug|Any CPU.Build.0 = Debug|Any CPU
		{EFAE7327-B276-4E3C-A4DD-7D608AFFE0BE}.Release|Any CPU.ActiveCfg = Release|Any CPU
		{EFAE7327-B276-4E3C-A4DD-7D608AFFE0BE}.Release|Any CPU.Build.0 = Release|Any CPU
	EndGlobalSection
	GlobalSection(SolutionProperties) = preSolution
		HideSolutionNode = FALSE
	EndGlobalSection
	GlobalSection(ExtensibilityGlobals) = postSolution
		SolutionGuid = {99583651-86E0-405D-9492-04B1A5129BE6}
	EndGlobalSection
EndGlobal
